
Microsoft Visual Studio Solution File, Format Version 12.00
# Visual Studio Version 17
VisualStudioVersion = 17.14.36518.9 d17.14
MinimumVisualStudioVersion = 10.0.40219.1
Project("{FAE04EC0-301F-11D3-BF4B-00C04F79EFBC}") = "OpcMqttBridge", "OpcMqttBridge\OpcMqttBridge.csproj", "{4D3D7490-31E0-42E7-A659-195245C8800C}"
EndProject
Global
	GlobalSection(SolutionConfigurationPlatforms) = preSolution
		Debug|Any CPU = Debug|Any CPU
		Release|Any CPU = Release|Any CPU
	EndGlobalSection
	GlobalSection(ProjectConfigurationPlatforms) = postSolution
		{4D3D7490-31E0-42E7-A659-195245C8800C}.Debug|Any CPU.ActiveCfg = Debug|Any CPU
		{4D3D7490-31E0-42E7-A659-195245C8800C}.Debug|Any CPU.Build.0 = Debug|Any CPU
		{4D3D7490-31E0-42E7-A659-195245C8800C}.Release|Any CPU.ActiveCfg = Release|Any CPU
		{4D3D7490-31E0-42E7-A659-195245C8800C}.Release|Any CPU.Build.0 = Release|Any CPU
	EndGlobalSection
	GlobalSection(SolutionProperties) = preSolution
		HideSolutionNode = FALSE
	EndGlobalSection
	GlobalSection(ExtensibilityGlobals) = postSolution
		SolutionGuid = {228923A9-94B6-40E7-8113-BE1677031AEA}
	EndGlobalSection
EndGlobal
